
Microsoft Visual Studio Solution File, Format Version 12.00
# Visual Studio Version 17
VisualStudioVersion = 17.10.35013.160
MinimumVisualStudioVersion = 10.0.40219.1
Project("{2150E333-8FDC-42A3-9474-1A3956D46DE8}") = "01.Clients", "01.Clients", "{4B13D94E-A912-492C-A65C-615E057BFC4D}"
EndProject
Project("{2150E333-8FDC-42A3-9474-1A3956D46DE8}") = "02.Api.Gateways", "02.Api.Gateways", "{B889C6D5-B5E5-44AE-8682-07515AE72D7B}"
EndProject
Project("{2150E333-8FDC-42A3-9474-1A3956D46DE8}") = "03.Services", "03.Services", "{7536B660-0842-4D63-8A74-B023120001C7}"
EndProject
Project("{2150E333-8FDC-42A3-9474-1A3956D46DE8}") = "01.Identity", "01.Identity", "{3C63F78C-07CB-457B-9E72-14595E00FDA4}"
EndProject
Project("{2150E333-8FDC-42A3-9474-1A3956D46DE8}") = "02.Catalog", "02.Catalog", "{C8F7E8ED-A288-4106-8A38-F328894CEF81}"
EndProject
Project("{2150E333-8FDC-42A3-9474-1A3956D46DE8}") = "03.Customer", "03.Customer", "{8F3641BC-DBA1-452A-81BB-BC1BA57EB412}"
EndProject
Project("{2150E333-8FDC-42A3-9474-1A3956D46DE8}") = "04.Order", "04.Order", "{682B0F8E-EB17-40B8-A5A9-48E7AD31A086}"
EndProject
Project("{9A19103F-16F7-4668-BE54-9A1E7A4F7556}") = "Catalog.Api", "src\Services\Catalog\Catalog.Api\Catalog.Api.csproj", "{66925D21-21D2-4F0C-8B41-B20EBCB58CC5}"
EndProject
Project("{2150E333-8FDC-42A3-9474-1A3956D46DE8}") = "01.Api", "01.Api", "{FA3A05B0-3AA8-4F03-80FF-75A0928C436A}"
EndProject
Project("{2150E333-8FDC-42A3-9474-1A3956D46DE8}") = "02.Services", "02.Services", "{86B7E282-DB36-4284-98AC-DCECA62C881B}"
EndProject
Project("{2150E333-8FDC-42A3-9474-1A3956D46DE8}") = "03.Persistence", "03.Persistence", "{B719DA35-FC60-4019-840B-EBDDE40F0A23}"
EndProject
Project("{2150E333-8FDC-42A3-9474-1A3956D46DE8}") = "04.Models", "04.Models", "{46085DB4-0EEF-487B-AE87-34D23C324796}"
EndProject
Project("{9A19103F-16F7-4668-BE54-9A1E7A4F7556}") = "Catalog.Domain", "src\Services\Catalog\Catalog.Domain\Catalog.Domain.csproj", "{92C1D868-D4DF-4A05-8066-AD9C232423F2}"
EndProject
Project("{9A19103F-16F7-4668-BE54-9A1E7A4F7556}") = "Catalog.Persistence.DataBase", "src\Services\Catalog\Catalog.Persistence.DataBase\Catalog.Persistence.DataBase.csproj", "{8036BC20-3327-48DC-A385-FF3162500F10}"
EndProject
Project("{9A19103F-16F7-4668-BE54-9A1E7A4F7556}") = "Catalog.Service.Queries", "src\Services\Catalog\Catalog.Service.Queries\Catalog.Service.Queries.csproj", "{0755E983-DD36-4E13-AD7A-CF00E800AFC0}"
EndProject
Project("{9A19103F-16F7-4668-BE54-9A1E7A4F7556}") = "Catalog.Services.EventHandlers", "src\Services\Catalog\Catalog.Services.EventHandlers\Catalog.Services.EventHandlers.csproj", "{A38C1614-A2AB-499E-A7E1-6236F6BE094D}"
EndProject
Project("{2150E333-8FDC-42A3-9474-1A3956D46DE8}") = "LoggerConfig", "LoggerConfig", "{E8C5E2C7-9924-4CCB-A5DC-915748F737D6}"
EndProject
Project("{9A19103F-16F7-4668-BE54-9A1E7A4F7556}") = "LoggerConfig", "src\Services\Catalog\LoggerConfig\LoggerConfig.csproj", "{7758DDB2-223E-4AE2-AEC3-6808DEF8B154}"
EndProject
Project("{2150E333-8FDC-42A3-9474-1A3956D46DE8}") = "05.Testing", "05.Testing", "{0CFE7458-B4FA-4483-B437-2C08EA5748F0}"
EndProject
Project("{9A19103F-16F7-4668-BE54-9A1E7A4F7556}") = "Catalog.Testing", "src\Services\Catalog\Catalog.Testing\Catalog.Testing.csproj", "{A5CA1C0B-6E36-4A24-AA95-8BBA6E7B6D84}"
EndProject
Project("{2150E333-8FDC-42A3-9474-1A3956D46DE8}") = "01.Api", "01.Api", "{F7A4BA6A-0CBA-4B27-B325-AA47B81F995A}"
EndProject
Project("{2150E333-8FDC-42A3-9474-1A3956D46DE8}") = "02.Services", "02.Services", "{522EB0DB-DE65-466E-9BA2-6110D6B7851A}"
EndProject
Project("{2150E333-8FDC-42A3-9474-1A3956D46DE8}") = "03.Persistence", "03.Persistence", "{59D99665-19C3-4E51-BD08-8B624CB730CC}"
EndProject
Project("{2150E333-8FDC-42A3-9474-1A3956D46DE8}") = "04.Models", "04.Models", "{6B78C843-495D-46F7-BA36-E3C094B9721F}"
EndProject
Project("{9A19103F-16F7-4668-BE54-9A1E7A4F7556}") = "Customer.Api", "src\Services\Customer\Customer.Api\Customer.Api.csproj", "{B19F38D9-842E-440E-BF87-B417EE39D0AC}"
EndProject
Project("{9A19103F-16F7-4668-BE54-9A1E7A4F7556}") = "Customer.Domain", "src\Services\Customer\Customer.Domain\Customer.Domain.csproj", "{4DED1652-3B6E-490F-8A8B-6560FF932C0E}"
EndProject
Project("{9A19103F-16F7-4668-BE54-9A1E7A4F7556}") = "Customer.Persistence.DataBase", "src\Services\Customer\Customer.Persistence.DataBase\Customer.Persistence.DataBase.csproj", "{17A56E06-97E4-46D2-A652-B42653F237C3}"
EndProject
Project("{9A19103F-16F7-4668-BE54-9A1E7A4F7556}") = "Customer.Services.Query", "src\Services\Customer\Customer.Services.Query\Customer.Services.Query.csproj", "{3DCEAB39-6805-4426-9CB2-B84C37970E5F}"
EndProject
Project("{9A19103F-16F7-4668-BE54-9A1E7A4F7556}") = "Customer.Services.EventHandlers", "src\Services\Customer\Customers.Services.EventHandlders\Customer.Services.EventHandlers.csproj", "{FD1AA2CD-071A-4981-BC83-DEC5822131B3}"
EndProject
Project("{2150E333-8FDC-42A3-9474-1A3956D46DE8}") = "LoggerConfig", "LoggerConfig", "{77804290-F1DF-433F-BCB1-F502E8BDF8D4}"
EndProject
Project("{9A19103F-16F7-4668-BE54-9A1E7A4F7556}") = "Logger.Config", "src\Services\Customer\Logger.Config\Logger.Config.csproj", "{9E7658EE-D43F-4CDE-805D-957509E8EABB}"
EndProject
Project("{2150E333-8FDC-42A3-9474-1A3956D46DE8}") = "05.Testing", "05.Testing", "{CD838BA0-9859-4C5A-A1A1-D38A3530D10C}"
EndProject
Project("{9A19103F-16F7-4668-BE54-9A1E7A4F7556}") = "Customer.Testing", "src\Services\Customer\Customer.Testing\Customer.Testing.csproj", "{18CD2F47-D4AC-4146-80ED-EF6681DE0BEC}"
EndProject
Project("{2150E333-8FDC-42A3-9474-1A3956D46DE8}") = "01.Api", "01.Api", "{074F55F8-0A21-4B42-A439-5F9E75BB9706}"
EndProject
Project("{2150E333-8FDC-42A3-9474-1A3956D46DE8}") = "02.Services", "02.Services", "{30D6D1F7-CE37-435C-8054-A80506A7F1BC}"
EndProject
Project("{2150E333-8FDC-42A3-9474-1A3956D46DE8}") = "03.Persistence", "03.Persistence", "{10A0451A-C374-44F0-B80B-17A0FA83FC0F}"
EndProject
Project("{2150E333-8FDC-42A3-9474-1A3956D46DE8}") = "04.Models", "04.Models", "{398DFB9F-DD39-4F0F-A668-1147CA69FCB1}"
EndProject
Project("{2150E333-8FDC-42A3-9474-1A3956D46DE8}") = "05.Testing", "05.Testing", "{7A4A82B4-C584-4A4F-B8DA-50C2CD1D4B5D}"
EndProject
Project("{2150E333-8FDC-42A3-9474-1A3956D46DE8}") = "LoggerConfig", "LoggerConfig", "{46336EEE-F5E3-4017-9708-ED0C3B408D17}"
EndProject
Project("{FAE04EC0-301F-11D3-BF4B-00C04F79EFBC}") = "Order.Api", "src\Services\Order\Order.Api\Order.Api.csproj", "{264C59C5-79A3-4ECA-B1C2-166E8BEE8ADD}"
EndProject
Project("{FAE04EC0-301F-11D3-BF4B-00C04F79EFBC}") = "Order.Domain", "src\Services\Order\Order.Domain\Order.Domain.csproj", "{533CA080-180E-45EA-BFB2-C71E493B7659}"
EndProject
Project("{FAE04EC0-301F-11D3-BF4B-00C04F79EFBC}") = "Order.Persistence.DataBase", "src\Services\Order\Order.Persistence.DataBase\Order.Persistence.DataBase.csproj", "{7312C1B6-5353-42B6-B84B-A281F9BE4371}"
EndProject
Global
	GlobalSection(SolutionConfigurationPlatforms) = preSolution
		Debug|Any CPU = Debug|Any CPU
		Release|Any CPU = Release|Any CPU
	EndGlobalSection
	GlobalSection(ProjectConfigurationPlatforms) = postSolution
		{66925D21-21D2-4F0C-8B41-B20EBCB58CC5}.Debug|Any CPU.ActiveCfg = Debug|Any CPU
		{66925D21-21D2-4F0C-8B41-B20EBCB58CC5}.Debug|Any CPU.Build.0 = Debug|Any CPU
		{66925D21-21D2-4F0C-8B41-B20EBCB58CC5}.Release|Any CPU.ActiveCfg = Release|Any CPU
		{66925D21-21D2-4F0C-8B41-B20EBCB58CC5}.Release|Any CPU.Build.0 = Release|Any CPU
		{92C1D868-D4DF-4A05-8066-AD9C232423F2}.Debug|Any CPU.ActiveCfg = Debug|Any CPU
		{92C1D868-D4DF-4A05-8066-AD9C232423F2}.Debug|Any CPU.Build.0 = Debug|Any CPU
		{92C1D868-D4DF-4A05-8066-AD9C232423F2}.Release|Any CPU.ActiveCfg = Release|Any CPU
		{92C1D868-D4DF-4A05-8066-AD9C232423F2}.Release|Any CPU.Build.0 = Release|Any CPU
		{8036BC20-3327-48DC-A385-FF3162500F10}.Debug|Any CPU.ActiveCfg = Debug|Any CPU
		{8036BC20-3327-48DC-A385-FF3162500F10}.Debug|Any CPU.Build.0 = Debug|Any CPU
		{8036BC20-3327-48DC-A385-FF3162500F10}.Release|Any CPU.ActiveCfg = Release|Any CPU
		{8036BC20-3327-48DC-A385-FF3162500F10}.Release|Any CPU.Build.0 = Release|Any CPU
		{0755E983-DD36-4E13-AD7A-CF00E800AFC0}.Debug|Any CPU.ActiveCfg = Debug|Any CPU
		{0755E983-DD36-4E13-AD7A-CF00E800AFC0}.Debug|Any CPU.Build.0 = Debug|Any CPU
		{0755E983-DD36-4E13-AD7A-CF00E800AFC0}.Release|Any CPU.ActiveCfg = Release|Any CPU
		{0755E983-DD36-4E13-AD7A-CF00E800AFC0}.Release|Any CPU.Build.0 = Release|Any CPU
		{A38C1614-A2AB-499E-A7E1-6236F6BE094D}.Debug|Any CPU.ActiveCfg = Debug|Any CPU
		{A38C1614-A2AB-499E-A7E1-6236F6BE094D}.Debug|Any CPU.Build.0 = Debug|Any CPU
		{A38C1614-A2AB-499E-A7E1-6236F6BE094D}.Release|Any CPU.ActiveCfg = Release|Any CPU
		{A38C1614-A2AB-499E-A7E1-6236F6BE094D}.Release|Any CPU.Build.0 = Release|Any CPU
		{7758DDB2-223E-4AE2-AEC3-6808DEF8B154}.Debug|Any CPU.ActiveCfg = Debug|Any CPU
		{7758DDB2-223E-4AE2-AEC3-6808DEF8B154}.Debug|Any CPU.Build.0 = Debug|Any CPU
		{7758DDB2-223E-4AE2-AEC3-6808DEF8B154}.Release|Any CPU.ActiveCfg = Release|Any CPU
		{7758DDB2-223E-4AE2-AEC3-6808DEF8B154}.Release|Any CPU.Build.0 = Release|Any CPU
		{A5CA1C0B-6E36-4A24-AA95-8BBA6E7B6D84}.Debug|Any CPU.ActiveCfg = Debug|Any CPU
		{A5CA1C0B-6E36-4A24-AA95-8BBA6E7B6D84}.Debug|Any CPU.Build.0 = Debug|Any CPU
		{A5CA1C0B-6E36-4A24-AA95-8BBA6E7B6D84}.Release|Any CPU.ActiveCfg = Release|Any CPU
		{A5CA1C0B-6E36-4A24-AA95-8BBA6E7B6D84}.Release|Any CPU.Build.0 = Release|Any CPU
		{B19F38D9-842E-440E-BF87-B417EE39D0AC}.Debug|Any CPU.ActiveCfg = Debug|Any CPU
		{B19F38D9-842E-440E-BF87-B417EE39D0AC}.Debug|Any CPU.Build.0 = Debug|Any CPU
		{B19F38D9-842E-440E-BF87-B417EE39D0AC}.Release|Any CPU.ActiveCfg = Release|Any CPU
		{B19F38D9-842E-440E-BF87-B417EE39D0AC}.Release|Any CPU.Build.0 = Release|Any CPU
		{4DED1652-3B6E-490F-8A8B-6560FF932C0E}.Debug|Any CPU.ActiveCfg = Debug|Any CPU
		{4DED1652-3B6E-490F-8A8B-6560FF932C0E}.Debug|Any CPU.Build.0 = Debug|Any CPU
		{4DED1652-3B6E-490F-8A8B-6560FF932C0E}.Release|Any CPU.ActiveCfg = Release|Any CPU
		{4DED1652-3B6E-490F-8A8B-6560FF932C0E}.Release|Any CPU.Build.0 = Release|Any CPU
		{17A56E06-97E4-46D2-A652-B42653F237C3}.Debug|Any CPU.ActiveCfg = Debug|Any CPU
		{17A56E06-97E4-46D2-A652-B42653F237C3}.Debug|Any CPU.Build.0 = Debug|Any CPU
		{17A56E06-97E4-46D2-A652-B42653F237C3}.Release|Any CPU.ActiveCfg = Release|Any CPU
		{17A56E06-97E4-46D2-A652-B42653F237C3}.Release|Any CPU.Build.0 = Release|Any CPU
		{3DCEAB39-6805-4426-9CB2-B84C37970E5F}.Debug|Any CPU.ActiveCfg = Debug|Any CPU
		{3DCEAB39-6805-4426-9CB2-B84C37970E5F}.Debug|Any CPU.Build.0 = Debug|Any CPU
		{3DCEAB39-6805-4426-9CB2-B84C37970E5F}.Release|Any CPU.ActiveCfg = Release|Any CPU
		{3DCEAB39-6805-4426-9CB2-B84C37970E5F}.Release|Any CPU.Build.0 = Release|Any CPU
		{FD1AA2CD-071A-4981-BC83-DEC5822131B3}.Debug|Any CPU.ActiveCfg = Debug|Any CPU
		{FD1AA2CD-071A-4981-BC83-DEC5822131B3}.Debug|Any CPU.Build.0 = Debug|Any CPU
		{FD1AA2CD-071A-4981-BC83-DEC5822131B3}.Release|Any CPU.ActiveCfg = Release|Any CPU
		{FD1AA2CD-071A-4981-BC83-DEC5822131B3}.Release|Any CPU.Build.0 = Release|Any CPU
		{9E7658EE-D43F-4CDE-805D-957509E8EABB}.Debug|Any CPU.ActiveCfg = Debug|Any CPU
		{9E7658EE-D43F-4CDE-805D-957509E8EABB}.Debug|Any CPU.Build.0 = Debug|Any CPU
		{9E7658EE-D43F-4CDE-805D-957509E8EABB}.Release|Any CPU.ActiveCfg = Release|Any CPU
		{9E7658EE-D43F-4CDE-805D-957509E8EABB}.Release|Any CPU.Build.0 = Release|Any CPU
		{18CD2F47-D4AC-4146-80ED-EF6681DE0BEC}.Debug|Any CPU.ActiveCfg = Debug|Any CPU
		{18CD2F47-D4AC-4146-80ED-EF6681DE0BEC}.Debug|Any CPU.Build.0 = Debug|Any CPU
		{18CD2F47-D4AC-4146-80ED-EF6681DE0BEC}.Release|Any CPU.ActiveCfg = Release|Any CPU
		{18CD2F47-D4AC-4146-80ED-EF6681DE0BEC}.Release|Any CPU.Build.0 = Release|Any CPU
		{264C59C5-79A3-4ECA-B1C2-166E8BEE8ADD}.Debug|Any CPU.ActiveCfg = Debug|Any CPU
		{264C59C5-79A3-4ECA-B1C2-166E8BEE8ADD}.Debug|Any CPU.Build.0 = Debug|Any CPU
		{264C59C5-79A3-4ECA-B1C2-166E8BEE8ADD}.Release|Any CPU.ActiveCfg = Release|Any CPU
		{264C59C5-79A3-4ECA-B1C2-166E8BEE8ADD}.Release|Any CPU.Build.0 = Release|Any CPU
		{533CA080-180E-45EA-BFB2-C71E493B7659}.Debug|Any CPU.ActiveCfg = Debug|Any CPU
		{533CA080-180E-45EA-BFB2-C71E493B7659}.Debug|Any CPU.Build.0 = Debug|Any CPU
		{533CA080-180E-45EA-BFB2-C71E493B7659}.Release|Any CPU.ActiveCfg = Release|Any CPU
		{533CA080-180E-45EA-BFB2-C71E493B7659}.Release|Any CPU.Build.0 = Release|Any CPU
		{7312C1B6-5353-42B6-B84B-A281F9BE4371}.Debug|Any CPU.ActiveCfg = Debug|Any CPU
		{7312C1B6-5353-42B6-B84B-A281F9BE4371}.Debug|Any CPU.Build.0 = Debug|Any CPU
		{7312C1B6-5353-42B6-B84B-A281F9BE4371}.Release|Any CPU.ActiveCfg = Release|Any CPU
		{7312C1B6-5353-42B6-B84B-A281F9BE4371}.Release|Any CPU.Build.0 = Release|Any CPU
	EndGlobalSection
	GlobalSection(SolutionProperties) = preSolution
		HideSolutionNode = FALSE
	EndGlobalSection
	GlobalSection(NestedProjects) = preSolution
		{3C63F78C-07CB-457B-9E72-14595E00FDA4} = {7536B660-0842-4D63-8A74-B023120001C7}
		{C8F7E8ED-A288-4106-8A38-F328894CEF81} = {7536B660-0842-4D63-8A74-B023120001C7}
		{8F3641BC-DBA1-452A-81BB-BC1BA57EB412} = {7536B660-0842-4D63-8A74-B023120001C7}
		{682B0F8E-EB17-40B8-A5A9-48E7AD31A086} = {7536B660-0842-4D63-8A74-B023120001C7}
		{66925D21-21D2-4F0C-8B41-B20EBCB58CC5} = {FA3A05B0-3AA8-4F03-80FF-75A0928C436A}
		{FA3A05B0-3AA8-4F03-80FF-75A0928C436A} = {C8F7E8ED-A288-4106-8A38-F328894CEF81}
		{86B7E282-DB36-4284-98AC-DCECA62C881B} = {C8F7E8ED-A288-4106-8A38-F328894CEF81}
		{B719DA35-FC60-4019-840B-EBDDE40F0A23} = {C8F7E8ED-A288-4106-8A38-F328894CEF81}
		{46085DB4-0EEF-487B-AE87-34D23C324796} = {C8F7E8ED-A288-4106-8A38-F328894CEF81}
		{92C1D868-D4DF-4A05-8066-AD9C232423F2} = {46085DB4-0EEF-487B-AE87-34D23C324796}
		{8036BC20-3327-48DC-A385-FF3162500F10} = {B719DA35-FC60-4019-840B-EBDDE40F0A23}
		{0755E983-DD36-4E13-AD7A-CF00E800AFC0} = {86B7E282-DB36-4284-98AC-DCECA62C881B}
		{A38C1614-A2AB-499E-A7E1-6236F6BE094D} = {86B7E282-DB36-4284-98AC-DCECA62C881B}
		{E8C5E2C7-9924-4CCB-A5DC-915748F737D6} = {C8F7E8ED-A288-4106-8A38-F328894CEF81}
		{7758DDB2-223E-4AE2-AEC3-6808DEF8B154} = {E8C5E2C7-9924-4CCB-A5DC-915748F737D6}
		{0CFE7458-B4FA-4483-B437-2C08EA5748F0} = {C8F7E8ED-A288-4106-8A38-F328894CEF81}
		{A5CA1C0B-6E36-4A24-AA95-8BBA6E7B6D84} = {0CFE7458-B4FA-4483-B437-2C08EA5748F0}
		{F7A4BA6A-0CBA-4B27-B325-AA47B81F995A} = {8F3641BC-DBA1-452A-81BB-BC1BA57EB412}
		{522EB0DB-DE65-466E-9BA2-6110D6B7851A} = {8F3641BC-DBA1-452A-81BB-BC1BA57EB412}
		{59D99665-19C3-4E51-BD08-8B624CB730CC} = {8F3641BC-DBA1-452A-81BB-BC1BA57EB412}
		{6B78C843-495D-46F7-BA36-E3C094B9721F} = {8F3641BC-DBA1-452A-81BB-BC1BA57EB412}
		{B19F38D9-842E-440E-BF87-B417EE39D0AC} = {F7A4BA6A-0CBA-4B27-B325-AA47B81F995A}
		{4DED1652-3B6E-490F-8A8B-6560FF932C0E} = {6B78C843-495D-46F7-BA36-E3C094B9721F}
		{17A56E06-97E4-46D2-A652-B42653F237C3} = {59D99665-19C3-4E51-BD08-8B624CB730CC}
		{3DCEAB39-6805-4426-9CB2-B84C37970E5F} = {522EB0DB-DE65-466E-9BA2-6110D6B7851A}
		{FD1AA2CD-071A-4981-BC83-DEC5822131B3} = {522EB0DB-DE65-466E-9BA2-6110D6B7851A}
		{77804290-F1DF-433F-BCB1-F502E8BDF8D4} = {8F3641BC-DBA1-452A-81BB-BC1BA57EB412}
		{9E7658EE-D43F-4CDE-805D-957509E8EABB} = {77804290-F1DF-433F-BCB1-F502E8BDF8D4}
		{CD838BA0-9859-4C5A-A1A1-D38A3530D10C} = {8F3641BC-DBA1-452A-81BB-BC1BA57EB412}
		{18CD2F47-D4AC-4146-80ED-EF6681DE0BEC} = {CD838BA0-9859-4C5A-A1A1-D38A3530D10C}
		{074F55F8-0A21-4B42-A439-5F9E75BB9706} = {682B0F8E-EB17-40B8-A5A9-48E7AD31A086}
		{30D6D1F7-CE37-435C-8054-A80506A7F1BC} = {682B0F8E-EB17-40B8-A5A9-48E7AD31A086}
		{10A0451A-C374-44F0-B80B-17A0FA83FC0F} = {682B0F8E-EB17-40B8-A5A9-48E7AD31A086}
		{398DFB9F-DD39-4F0F-A668-1147CA69FCB1} = {682B0F8E-EB17-40B8-A5A9-48E7AD31A086}
		{7A4A82B4-C584-4A4F-B8DA-50C2CD1D4B5D} = {682B0F8E-EB17-40B8-A5A9-48E7AD31A086}
		{46336EEE-F5E3-4017-9708-ED0C3B408D17} = {682B0F8E-EB17-40B8-A5A9-48E7AD31A086}
		{264C59C5-79A3-4ECA-B1C2-166E8BEE8ADD} = {074F55F8-0A21-4B42-A439-5F9E75BB9706}
		{533CA080-180E-45EA-BFB2-C71E493B7659} = {398DFB9F-DD39-4F0F-A668-1147CA69FCB1}
		{7312C1B6-5353-42B6-B84B-A281F9BE4371} = {10A0451A-C374-44F0-B80B-17A0FA83FC0F}
	EndGlobalSection
	GlobalSection(ExtensibilityGlobals) = postSolution
		SolutionGuid = {DB54B6AE-82B2-40F5-95FB-6BA4A35FB0FE}
	EndGlobalSection
EndGlobal
