
Microsoft Visual Studio Solution File, Format Version 12.00
# Visual Studio Version 17
VisualStudioVersion = 17.10.35013.160
MinimumVisualStudioVersion = 10.0.40219.1
Project("{2150E333-8FDC-42A3-9474-1A3956D46DE8}") = "01.Clients", "01.Clients", "{4B13D94E-A912-492C-A65C-615E057BFC4D}"
EndProject
Project("{2150E333-8FDC-42A3-9474-1A3956D46DE8}") = "02.Api.Gateways", "02.Api.Gateways", "{B889C6D5-B5E5-44AE-8682-07515AE72D7B}"
EndProject
Project("{2150E333-8FDC-42A3-9474-1A3956D46DE8}") = "03.Services", "03.Services", "{7536B660-0842-4D63-8A74-B023120001C7}"
EndProject
Project("{2150E333-8FDC-42A3-9474-1A3956D46DE8}") = "01.Identity", "01.Identity", "{3C63F78C-07CB-457B-9E72-14595E00FDA4}"
EndProject
Project("{2150E333-8FDC-42A3-9474-1A3956D46DE8}") = "02.Catalog", "02.Catalog", "{C8F7E8ED-A288-4106-8A38-F328894CEF81}"
EndProject
Project("{2150E333-8FDC-42A3-9474-1A3956D46DE8}") = "03.Customer", "03.Customer", "{8F3641BC-DBA1-452A-81BB-BC1BA57EB412}"
EndProject
Project("{2150E333-8FDC-42A3-9474-1A3956D46DE8}") = "04.Order", "04.Order", "{682B0F8E-EB17-40B8-A5A9-48E7AD31A086}"
EndProject
Project("{9A19103F-16F7-4668-BE54-9A1E7A4F7556}") = "Catalog.Api", "src\Services\Catalog\Catalog.Api\Catalog.Api.csproj", "{66925D21-21D2-4F0C-8B41-B20EBCB58CC5}"
EndProject
Project("{2150E333-8FDC-42A3-9474-1A3956D46DE8}") = "01.Api", "01.Api", "{FA3A05B0-3AA8-4F03-80FF-75A0928C436A}"
EndProject
Project("{2150E333-8FDC-42A3-9474-1A3956D46DE8}") = "02.Services", "02.Services", "{86B7E282-DB36-4284-98AC-DCECA62C881B}"
EndProject
Project("{2150E333-8FDC-42A3-9474-1A3956D46DE8}") = "03.Persistence", "03.Persistence", "{B719DA35-FC60-4019-840B-EBDDE40F0A23}"
EndProject
Project("{2150E333-8FDC-42A3-9474-1A3956D46DE8}") = "04.Models", "04.Models", "{46085DB4-0EEF-487B-AE87-34D23C324796}"
EndProject
Project("{9A19103F-16F7-4668-BE54-9A1E7A4F7556}") = "Catalog.Domain", "src\Services\Catalog\Catalog.Domain\Catalog.Domain.csproj", "{92C1D868-D4DF-4A05-8066-AD9C232423F2}"
EndProject
Project("{9A19103F-16F7-4668-BE54-9A1E7A4F7556}") = "Catalog.Persistence.DataBase", "src\Services\Catalog\Catalog.Persistence.DataBase\Catalog.Persistence.DataBase.csproj", "{8036BC20-3327-48DC-A385-FF3162500F10}"
EndProject
Project("{9A19103F-16F7-4668-BE54-9A1E7A4F7556}") = "Catalog.Service.Queries", "src\Services\Catalog\Catalog.Service.Queries\Catalog.Service.Queries.csproj", "{0755E983-DD36-4E13-AD7A-CF00E800AFC0}"
EndProject
Project("{9A19103F-16F7-4668-BE54-9A1E7A4F7556}") = "Catalog.Services.EventHandlers", "src\Services\Catalog\Catalog.Services.EventHandlers\Catalog.Services.EventHandlers.csproj", "{A38C1614-A2AB-499E-A7E1-6236F6BE094D}"
EndProject
Project("{2150E333-8FDC-42A3-9474-1A3956D46DE8}") = "LoggerConfig", "LoggerConfig", "{E8C5E2C7-9924-4CCB-A5DC-915748F737D6}"
EndProject
Project("{9A19103F-16F7-4668-BE54-9A1E7A4F7556}") = "LoggerConfig", "src\Services\Catalog\LoggerConfig\LoggerConfig.csproj", "{7758DDB2-223E-4AE2-AEC3-6808DEF8B154}"
EndProject
Project("{2150E333-8FDC-42A3-9474-1A3956D46DE8}") = "05.Testing", "05.Testing", "{0CFE7458-B4FA-4483-B437-2C08EA5748F0}"
EndProject
Project("{9A19103F-16F7-4668-BE54-9A1E7A4F7556}") = "Catalog.Testing", "src\Services\Catalog\Catalog.Testing\Catalog.Testing.csproj", "{A5CA1C0B-6E36-4A24-AA95-8BBA6E7B6D84}"
EndProject
Global
	GlobalSection(SolutionConfigurationPlatforms) = preSolution
		Debug|Any CPU = Debug|Any CPU
		Release|Any CPU = Release|Any CPU
	EndGlobalSection
	GlobalSection(ProjectConfigurationPlatforms) = postSolution
		{66925D21-21D2-4F0C-8B41-B20EBCB58CC5}.Debug|Any CPU.ActiveCfg = Debug|Any CPU
		{66925D21-21D2-4F0C-8B41-B20EBCB58CC5}.Debug|Any CPU.Build.0 = Debug|Any CPU
		{66925D21-21D2-4F0C-8B41-B20EBCB58CC5}.Release|Any CPU.ActiveCfg = Release|Any CPU
		{66925D21-21D2-4F0C-8B41-B20EBCB58CC5}.Release|Any CPU.Build.0 = Release|Any CPU
		{92C1D868-D4DF-4A05-8066-AD9C232423F2}.Debug|Any CPU.ActiveCfg = Debug|Any CPU
		{92C1D868-D4DF-4A05-8066-AD9C232423F2}.Debug|Any CPU.Build.0 = Debug|Any CPU
		{92C1D868-D4DF-4A05-8066-AD9C232423F2}.Release|Any CPU.ActiveCfg = Release|Any CPU
		{92C1D868-D4DF-4A05-8066-AD9C232423F2}.Release|Any CPU.Build.0 = Release|Any CPU
		{8036BC20-3327-48DC-A385-FF3162500F10}.Debug|Any CPU.ActiveCfg = Debug|Any CPU
		{8036BC20-3327-48DC-A385-FF3162500F10}.Debug|Any CPU.Build.0 = Debug|Any CPU
		{8036BC20-3327-48DC-A385-FF3162500F10}.Release|Any CPU.ActiveCfg = Release|Any CPU
		{8036BC20-3327-48DC-A385-FF3162500F10}.Release|Any CPU.Build.0 = Release|Any CPU
		{0755E983-DD36-4E13-AD7A-CF00E800AFC0}.Debug|Any CPU.ActiveCfg = Debug|Any CPU
		{0755E983-DD36-4E13-AD7A-CF00E800AFC0}.Debug|Any CPU.Build.0 = Debug|Any CPU
		{0755E983-DD36-4E13-AD7A-CF00E800AFC0}.Release|Any CPU.ActiveCfg = Release|Any CPU
		{0755E983-DD36-4E13-AD7A-CF00E800AFC0}.Release|Any CPU.Build.0 = Release|Any CPU
		{A38C1614-A2AB-499E-A7E1-6236F6BE094D}.Debug|Any CPU.ActiveCfg = Debug|Any CPU
		{A38C1614-A2AB-499E-A7E1-6236F6BE094D}.Debug|Any CPU.Build.0 = Debug|Any CPU
		{A38C1614-A2AB-499E-A7E1-6236F6BE094D}.Release|Any CPU.ActiveCfg = Release|Any CPU
		{A38C1614-A2AB-499E-A7E1-6236F6BE094D}.Release|Any CPU.Build.0 = Release|Any CPU
		{7758DDB2-223E-4AE2-AEC3-6808DEF8B154}.Debug|Any CPU.ActiveCfg = Debug|Any CPU
		{7758DDB2-223E-4AE2-AEC3-6808DEF8B154}.Debug|Any CPU.Build.0 = Debug|Any CPU
		{7758DDB2-223E-4AE2-AEC3-6808DEF8B154}.Release|Any CPU.ActiveCfg = Release|Any CPU
		{7758DDB2-223E-4AE2-AEC3-6808DEF8B154}.Release|Any CPU.Build.0 = Release|Any CPU
		{A5CA1C0B-6E36-4A24-AA95-8BBA6E7B6D84}.Debug|Any CPU.ActiveCfg = Debug|Any CPU
		{A5CA1C0B-6E36-4A24-AA95-8BBA6E7B6D84}.Debug|Any CPU.Build.0 = Debug|Any CPU
		{A5CA1C0B-6E36-4A24-AA95-8BBA6E7B6D84}.Release|Any CPU.ActiveCfg = Release|Any CPU
		{A5CA1C0B-6E36-4A24-AA95-8BBA6E7B6D84}.Release|Any CPU.Build.0 = Release|Any CPU
	EndGlobalSection
	GlobalSection(SolutionProperties) = preSolution
		HideSolutionNode = FALSE
	EndGlobalSection
	GlobalSection(NestedProjects) = preSolution
		{3C63F78C-07CB-457B-9E72-14595E00FDA4} = {7536B660-0842-4D63-8A74-B023120001C7}
		{C8F7E8ED-A288-4106-8A38-F328894CEF81} = {7536B660-0842-4D63-8A74-B023120001C7}
		{8F3641BC-DBA1-452A-81BB-BC1BA57EB412} = {7536B660-0842-4D63-8A74-B023120001C7}
		{682B0F8E-EB17-40B8-A5A9-48E7AD31A086} = {7536B660-0842-4D63-8A74-B023120001C7}
		{66925D21-21D2-4F0C-8B41-B20EBCB58CC5} = {FA3A05B0-3AA8-4F03-80FF-75A0928C436A}
		{FA3A05B0-3AA8-4F03-80FF-75A0928C436A} = {C8F7E8ED-A288-4106-8A38-F328894CEF81}
		{86B7E282-DB36-4284-98AC-DCECA62C881B} = {C8F7E8ED-A288-4106-8A38-F328894CEF81}
		{B719DA35-FC60-4019-840B-EBDDE40F0A23} = {C8F7E8ED-A288-4106-8A38-F328894CEF81}
		{46085DB4-0EEF-487B-AE87-34D23C324796} = {C8F7E8ED-A288-4106-8A38-F328894CEF81}
		{92C1D868-D4DF-4A05-8066-AD9C232423F2} = {46085DB4-0EEF-487B-AE87-34D23C324796}
		{8036BC20-3327-48DC-A385-FF3162500F10} = {B719DA35-FC60-4019-840B-EBDDE40F0A23}
		{0755E983-DD36-4E13-AD7A-CF00E800AFC0} = {86B7E282-DB36-4284-98AC-DCECA62C881B}
		{A38C1614-A2AB-499E-A7E1-6236F6BE094D} = {86B7E282-DB36-4284-98AC-DCECA62C881B}
		{E8C5E2C7-9924-4CCB-A5DC-915748F737D6} = {C8F7E8ED-A288-4106-8A38-F328894CEF81}
		{7758DDB2-223E-4AE2-AEC3-6808DEF8B154} = {E8C5E2C7-9924-4CCB-A5DC-915748F737D6}
		{0CFE7458-B4FA-4483-B437-2C08EA5748F0} = {C8F7E8ED-A288-4106-8A38-F328894CEF81}
		{A5CA1C0B-6E36-4A24-AA95-8BBA6E7B6D84} = {0CFE7458-B4FA-4483-B437-2C08EA5748F0}
	EndGlobalSection
	GlobalSection(ExtensibilityGlobals) = postSolution
		SolutionGuid = {DB54B6AE-82B2-40F5-95FB-6BA4A35FB0FE}
	EndGlobalSection
EndGlobal
